
Microsoft Visual Studio Solution File, Format Version 12.00
# Visual Studio 14
VisualStudioVersion = 14.0.25420.1
MinimumVisualStudioVersion = 10.0.40219.1
Project("{2150E333-8FDC-42A3-9474-1A3956D46DE8}") = "src", "src", "{E1020E95-665B-4174-A8CD-6C9328A8575E}"
EndProject
Project("{2150E333-8FDC-42A3-9474-1A3956D46DE8}") = "Solution Items", "Solution Items", "{B0A620C9-A209-418E-B707-207307C040D3}"
	ProjectSection(SolutionItems) = preProject
		global.json = global.json
	EndProjectSection
EndProject
Project("{8BB2217D-0F2D-49D1-97BC-3654ED321F3B}") = "A01", "src\A01\A01.xproj", "{126192C8-241E-406A-A389-088454019BAD}"
EndProject
Global
	GlobalSection(SolutionConfigurationPlatforms) = preSolution
		Debug|Any CPU = Debug|Any CPU
		Release|Any CPU = Release|Any CPU
	EndGlobalSection
	GlobalSection(ProjectConfigurationPlatforms) = postSolution
		{126192C8-241E-406A-A389-088454019BAD}.Debug|Any CPU.ActiveCfg = Debug|Any CPU
		{126192C8-241E-406A-A389-088454019BAD}.Debug|Any CPU.Build.0 = Debug|Any CPU
		{126192C8-241E-406A-A389-088454019BAD}.Release|Any CPU.ActiveCfg = Release|Any CPU
		{126192C8-241E-406A-A389-088454019BAD}.Release|Any CPU.Build.0 = Release|Any CPU
	EndGlobalSection
	GlobalSection(SolutionProperties) = preSolution
		HideSolutionNode = FALSE
	EndGlobalSection
	GlobalSection(NestedProjects) = preSolution
		{126192C8-241E-406A-A389-088454019BAD} = {E1020E95-665B-4174-A8CD-6C9328A8575E}
	EndGlobalSection
EndGlobal
